
Microsoft Visual Studio Solution File, Format Version 12.00
# Visual Studio Version 16
VisualStudioVersion = 16.0.31205.134
MinimumVisualStudioVersion = 10.0.40219.1
Project("{FAE04EC0-301F-11D3-BF4B-00C04F79EFBC}") = "BookSystem", "BookSystem\BookSystem.csproj", "{68718B0E-C161-465F-BEA8-4FC2BAF63938}"
EndProject
Project("{FAE04EC0-301F-11D3-BF4B-00C04F79EFBC}") = "BookSystem.Data", "BookSystem.Data\BookSystem.Data.csproj", "{6EB94E19-E878-479E-B699-0ADEAF0B3EC2}"
EndProject
Project("{FAE04EC0-301F-11D3-BF4B-00C04F79EFBC}") = "BookSystem.Training", "BookSystem.Training\BookSystem.Training.csproj", "{479FB01F-A679-448F-BC78-3BCA2BD33D03}"
EndProject
Project("{FAE04EC0-301F-11D3-BF4B-00C04F79EFBC}") = "BookSystem.Common", "BookSystem.Common\BookSystem.Common.csproj", "{5531A7F7-8399-4386-BC79-C93FB4112C2E}"
EndProject
Global
	GlobalSection(SolutionConfigurationPlatforms) = preSolution
		Debug|Any CPU = Debug|Any CPU
		Release|Any CPU = Release|Any CPU
	EndGlobalSection
	GlobalSection(ProjectConfigurationPlatforms) = postSolution
		{68718B0E-C161-465F-BEA8-4FC2BAF63938}.Debug|Any CPU.ActiveCfg = Debug|Any CPU
		{68718B0E-C161-465F-BEA8-4FC2BAF63938}.Debug|Any CPU.Build.0 = Debug|Any CPU
		{68718B0E-C161-465F-BEA8-4FC2BAF63938}.Release|Any CPU.ActiveCfg = Release|Any CPU
		{68718B0E-C161-465F-BEA8-4FC2BAF63938}.Release|Any CPU.Build.0 = Release|Any CPU
		{6EB94E19-E878-479E-B699-0ADEAF0B3EC2}.Debug|Any CPU.ActiveCfg = Debug|Any CPU
		{6EB94E19-E878-479E-B699-0ADEAF0B3EC2}.Debug|Any CPU.Build.0 = Debug|Any CPU
		{6EB94E19-E878-479E-B699-0ADEAF0B3EC2}.Release|Any CPU.ActiveCfg = Release|Any CPU
		{6EB94E19-E878-479E-B699-0ADEAF0B3EC2}.Release|Any CPU.Build.0 = Release|Any CPU
		{479FB01F-A679-448F-BC78-3BCA2BD33D03}.Debug|Any CPU.ActiveCfg = Debug|Any CPU
		{479FB01F-A679-448F-BC78-3BCA2BD33D03}.Debug|Any CPU.Build.0 = Debug|Any CPU
		{479FB01F-A679-448F-BC78-3BCA2BD33D03}.Release|Any CPU.ActiveCfg = Release|Any CPU
		{479FB01F-A679-448F-BC78-3BCA2BD33D03}.Release|Any CPU.Build.0 = Release|Any CPU
		{5531A7F7-8399-4386-BC79-C93FB4112C2E}.Debug|Any CPU.ActiveCfg = Debug|Any CPU
		{5531A7F7-8399-4386-BC79-C93FB4112C2E}.Debug|Any CPU.Build.0 = Debug|Any CPU
		{5531A7F7-8399-4386-BC79-C93FB4112C2E}.Release|Any CPU.ActiveCfg = Release|Any CPU
		{5531A7F7-8399-4386-BC79-C93FB4112C2E}.Release|Any CPU.Build.0 = Release|Any CPU
	EndGlobalSection
	GlobalSection(SolutionProperties) = preSolution
		HideSolutionNode = FALSE
	EndGlobalSection
	GlobalSection(ExtensibilityGlobals) = postSolution
		SolutionGuid = {5F5DD4BC-39AC-44F7-9BA2-D0E668434AD7}
	EndGlobalSection
EndGlobal
