
Microsoft Visual Studio Solution File, Format Version 12.00
# Visual Studio Version 16
VisualStudioVersion = 16.0.31205.134
MinimumVisualStudioVersion = 10.0.40219.1
Project("{9A19103F-16F7-4668-BE54-9A1E7A4F7556}") = "WebApplication1", "WebApplication1\WebApplication1.csproj", "{B10512E2-894D-4C33-8AA3-582060C698D9}"
EndProject
Project("{FAE04EC0-301F-11D3-BF4B-00C04F79EFBC}") = "FirstDemo.Data", "FirstDemo.Data\FirstDemo.Data.csproj", "{D4B90E14-F42C-424D-A45F-D4287BD32350}"
EndProject
Global
	GlobalSection(SolutionConfigurationPlatforms) = preSolution
		Debug|Any CPU = Debug|Any CPU
		Release|Any CPU = Release|Any CPU
	EndGlobalSection
	GlobalSection(ProjectConfigurationPlatforms) = postSolution
		{B10512E2-894D-4C33-8AA3-582060C698D9}.Debug|Any CPU.ActiveCfg = Debug|Any CPU
		{B10512E2-894D-4C33-8AA3-582060C698D9}.Debug|Any CPU.Build.0 = Debug|Any CPU
		{B10512E2-894D-4C33-8AA3-582060C698D9}.Release|Any CPU.ActiveCfg = Release|Any CPU
		{B10512E2-894D-4C33-8AA3-582060C698D9}.Release|Any CPU.Build.0 = Release|Any CPU
		{D4B90E14-F42C-424D-A45F-D4287BD32350}.Debug|Any CPU.ActiveCfg = Debug|Any CPU
		{D4B90E14-F42C-424D-A45F-D4287BD32350}.Debug|Any CPU.Build.0 = Debug|Any CPU
		{D4B90E14-F42C-424D-A45F-D4287BD32350}.Release|Any CPU.ActiveCfg = Release|Any CPU
		{D4B90E14-F42C-424D-A45F-D4287BD32350}.Release|Any CPU.Build.0 = Release|Any CPU
	EndGlobalSection
	GlobalSection(SolutionProperties) = preSolution
		HideSolutionNode = FALSE
	EndGlobalSection
	GlobalSection(ExtensibilityGlobals) = postSolution
		SolutionGuid = {945DF137-B807-4664-999A-ED9DA104EA21}
	EndGlobalSection
EndGlobal
