
Microsoft Visual Studio Solution File, Format Version 12.00
# Visual Studio Version 16
VisualStudioVersion = 16.0.31205.134
MinimumVisualStudioVersion = 10.0.40219.1
Project("{FAE04EC0-301F-11D3-BF4B-00C04F79EFBC}") = "GenerisExample", "GenerisExample\GenerisExample.csproj", "{A14CD08B-07B5-45AC-9224-60CAA5790555}"
EndProject
Project("{FAE04EC0-301F-11D3-BF4B-00C04F79EFBC}") = "GenericAndDelegate", "GenericAndDelegate\GenericAndDelegate.csproj", "{1F73A74C-70CF-4C93-AD82-8F5520CCDCE4}"
EndProject
Global
	GlobalSection(SolutionConfigurationPlatforms) = preSolution
		Debug|Any CPU = Debug|Any CPU
		Release|Any CPU = Release|Any CPU
	EndGlobalSection
	GlobalSection(ProjectConfigurationPlatforms) = postSolution
		{A14CD08B-07B5-45AC-9224-60CAA5790555}.Debug|Any CPU.ActiveCfg = Debug|Any CPU
		{A14CD08B-07B5-45AC-9224-60CAA5790555}.Debug|Any CPU.Build.0 = Debug|Any CPU
		{A14CD08B-07B5-45AC-9224-60CAA5790555}.Release|Any CPU.ActiveCfg = Release|Any CPU
		{A14CD08B-07B5-45AC-9224-60CAA5790555}.Release|Any CPU.Build.0 = Release|Any CPU
		{1F73A74C-70CF-4C93-AD82-8F5520CCDCE4}.Debug|Any CPU.ActiveCfg = Debug|Any CPU
		{1F73A74C-70CF-4C93-AD82-8F5520CCDCE4}.Debug|Any CPU.Build.0 = Debug|Any CPU
		{1F73A74C-70CF-4C93-AD82-8F5520CCDCE4}.Release|Any CPU.ActiveCfg = Release|Any CPU
		{1F73A74C-70CF-4C93-AD82-8F5520CCDCE4}.Release|Any CPU.Build.0 = Release|Any CPU
	EndGlobalSection
	GlobalSection(SolutionProperties) = preSolution
		HideSolutionNode = FALSE
	EndGlobalSection
	GlobalSection(ExtensibilityGlobals) = postSolution
		SolutionGuid = {3476FBFD-C55A-4F54-960D-C22E45CC2C91}
	EndGlobalSection
EndGlobal
