
Microsoft Visual Studio Solution File, Format Version 12.00
# Visual Studio Version 16
VisualStudioVersion = 16.0.31205.134
MinimumVisualStudioVersion = 10.0.40219.1
Project("{9A19103F-16F7-4668-BE54-9A1E7A4F7556}") = "Link_101_Example", "Link_101_Example\Link_101_Example.csproj", "{F00EA1BB-BA34-403B-A90B-ADD92349AB77}"
EndProject
Project("{9A19103F-16F7-4668-BE54-9A1E7A4F7556}") = "ConvertionExample", "ConvertionExample\ConvertionExample.csproj", "{891272FC-559C-4001-A997-557B6DA6F12A}"
EndProject
Project("{FAE04EC0-301F-11D3-BF4B-00C04F79EFBC}") = "Ordering", "Ordering\Ordering.csproj", "{C66DD6BD-67E7-4E29-87BE-891F05C81B8C}"
EndProject
Global
	GlobalSection(SolutionConfigurationPlatforms) = preSolution
		Debug|Any CPU = Debug|Any CPU
		Release|Any CPU = Release|Any CPU
	EndGlobalSection
	GlobalSection(ProjectConfigurationPlatforms) = postSolution
		{F00EA1BB-BA34-403B-A90B-ADD92349AB77}.Debug|Any CPU.ActiveCfg = Debug|Any CPU
		{F00EA1BB-BA34-403B-A90B-ADD92349AB77}.Debug|Any CPU.Build.0 = Debug|Any CPU
		{F00EA1BB-BA34-403B-A90B-ADD92349AB77}.Release|Any CPU.ActiveCfg = Release|Any CPU
		{F00EA1BB-BA34-403B-A90B-ADD92349AB77}.Release|Any CPU.Build.0 = Release|Any CPU
		{891272FC-559C-4001-A997-557B6DA6F12A}.Debug|Any CPU.ActiveCfg = Debug|Any CPU
		{891272FC-559C-4001-A997-557B6DA6F12A}.Debug|Any CPU.Build.0 = Debug|Any CPU
		{891272FC-559C-4001-A997-557B6DA6F12A}.Release|Any CPU.ActiveCfg = Release|Any CPU
		{891272FC-559C-4001-A997-557B6DA6F12A}.Release|Any CPU.Build.0 = Release|Any CPU
		{C66DD6BD-67E7-4E29-87BE-891F05C81B8C}.Debug|Any CPU.ActiveCfg = Debug|Any CPU
		{C66DD6BD-67E7-4E29-87BE-891F05C81B8C}.Debug|Any CPU.Build.0 = Debug|Any CPU
		{C66DD6BD-67E7-4E29-87BE-891F05C81B8C}.Release|Any CPU.ActiveCfg = Release|Any CPU
		{C66DD6BD-67E7-4E29-87BE-891F05C81B8C}.Release|Any CPU.Build.0 = Release|Any CPU
	EndGlobalSection
	GlobalSection(SolutionProperties) = preSolution
		HideSolutionNode = FALSE
	EndGlobalSection
	GlobalSection(ExtensibilityGlobals) = postSolution
		SolutionGuid = {941C0081-6A86-4A60-A27D-4B148CD34840}
	EndGlobalSection
EndGlobal
