
Microsoft Visual Studio Solution File, Format Version 12.00
# Visual Studio Version 16
VisualStudioVersion = 16.0.31205.134
MinimumVisualStudioVersion = 10.0.40219.1
Project("{FAE04EC0-301F-11D3-BF4B-00C04F79EFBC}") = "Logindatabase", "Logindatabase\Logindatabase.csproj", "{A7A96C28-7728-43C0-8620-A9577A9222A0}"
EndProject
Global
	GlobalSection(SolutionConfigurationPlatforms) = preSolution
		Debug|Any CPU = Debug|Any CPU
		Release|Any CPU = Release|Any CPU
	EndGlobalSection
	GlobalSection(ProjectConfigurationPlatforms) = postSolution
		{A7A96C28-7728-43C0-8620-A9577A9222A0}.Debug|Any CPU.ActiveCfg = Debug|Any CPU
		{A7A96C28-7728-43C0-8620-A9577A9222A0}.Debug|Any CPU.Build.0 = Debug|Any CPU
		{A7A96C28-7728-43C0-8620-A9577A9222A0}.Release|Any CPU.ActiveCfg = Release|Any CPU
		{A7A96C28-7728-43C0-8620-A9577A9222A0}.Release|Any CPU.Build.0 = Release|Any CPU
	EndGlobalSection
	GlobalSection(SolutionProperties) = preSolution
		HideSolutionNode = FALSE
	EndGlobalSection
	GlobalSection(ExtensibilityGlobals) = postSolution
		SolutionGuid = {691085F2-92F7-4F59-ACED-C92C45DAADA9}
	EndGlobalSection
EndGlobal
