
Microsoft Visual Studio Solution File, Format Version 12.00
# Visual Studio Version 16
VisualStudioVersion = 16.0.31205.134
MinimumVisualStudioVersion = 10.0.40219.1
Project("{FAE04EC0-301F-11D3-BF4B-00C04F79EFBC}") = "Task_01", "Task_01\Task_01.csproj", "{D883CA5F-B532-423E-85F8-DDD8A25944AD}"
EndProject
Global
	GlobalSection(SolutionConfigurationPlatforms) = preSolution
		Debug|Any CPU = Debug|Any CPU
		Release|Any CPU = Release|Any CPU
	EndGlobalSection
	GlobalSection(ProjectConfigurationPlatforms) = postSolution
		{D883CA5F-B532-423E-85F8-DDD8A25944AD}.Debug|Any CPU.ActiveCfg = Debug|Any CPU
		{D883CA5F-B532-423E-85F8-DDD8A25944AD}.Debug|Any CPU.Build.0 = Debug|Any CPU
		{D883CA5F-B532-423E-85F8-DDD8A25944AD}.Release|Any CPU.ActiveCfg = Release|Any CPU
		{D883CA5F-B532-423E-85F8-DDD8A25944AD}.Release|Any CPU.Build.0 = Release|Any CPU
	EndGlobalSection
	GlobalSection(SolutionProperties) = preSolution
		HideSolutionNode = FALSE
	EndGlobalSection
	GlobalSection(ExtensibilityGlobals) = postSolution
		SolutionGuid = {F068EA1A-A10C-413B-B828-2A312DE101F6}
	EndGlobalSection
EndGlobal
