
Microsoft Visual Studio Solution File, Format Version 12.00
# Visual Studio Version 16
VisualStudioVersion = 16.0.31205.134
MinimumVisualStudioVersion = 10.0.40219.1
Project("{FAE04EC0-301F-11D3-BF4B-00C04F79EFBC}") = "ReflectionE2", "ReflectionE2\ReflectionE2.csproj", "{399DCC2C-0544-4BA5-ABBF-4EDB65CEB44E}"
EndProject
Global
	GlobalSection(SolutionConfigurationPlatforms) = preSolution
		Debug|Any CPU = Debug|Any CPU
		Release|Any CPU = Release|Any CPU
	EndGlobalSection
	GlobalSection(ProjectConfigurationPlatforms) = postSolution
		{399DCC2C-0544-4BA5-ABBF-4EDB65CEB44E}.Debug|Any CPU.ActiveCfg = Debug|Any CPU
		{399DCC2C-0544-4BA5-ABBF-4EDB65CEB44E}.Debug|Any CPU.Build.0 = Debug|Any CPU
		{399DCC2C-0544-4BA5-ABBF-4EDB65CEB44E}.Release|Any CPU.ActiveCfg = Release|Any CPU
		{399DCC2C-0544-4BA5-ABBF-4EDB65CEB44E}.Release|Any CPU.Build.0 = Release|Any CPU
	EndGlobalSection
	GlobalSection(SolutionProperties) = preSolution
		HideSolutionNode = FALSE
	EndGlobalSection
	GlobalSection(ExtensibilityGlobals) = postSolution
		SolutionGuid = {D284533D-BFF7-481E-BF68-F62D7D6FC021}
	EndGlobalSection
EndGlobal
