
Microsoft Visual Studio Solution File, Format Version 12.00
# Visual Studio Version 16
VisualStudioVersion = 16.0.31205.134
MinimumVisualStudioVersion = 10.0.40219.1
Project("{FAE04EC0-301F-11D3-BF4B-00C04F79EFBC}") = "InventorySystem", "InventorySystem\InventorySystem.csproj", "{8A3E3DD5-86FF-478F-8376-EA54B641E6FC}"
EndProject
Project("{FAE04EC0-301F-11D3-BF4B-00C04F79EFBC}") = "InventorySystem.Data", "InventorySystem.Data\InventorySystem.Data.csproj", "{14D1FE80-C0D6-459C-9889-1DAFE6A8AAA5}"
EndProject
Project("{FAE04EC0-301F-11D3-BF4B-00C04F79EFBC}") = "InventorySystem.Training", "InventorySystem.Training\InventorySystem.Training.csproj", "{DE2CEC3A-DE4E-47F3-B6FB-F075A9DEB405}"
EndProject
Global
	GlobalSection(SolutionConfigurationPlatforms) = preSolution
		Debug|Any CPU = Debug|Any CPU
		Release|Any CPU = Release|Any CPU
	EndGlobalSection
	GlobalSection(ProjectConfigurationPlatforms) = postSolution
		{8A3E3DD5-86FF-478F-8376-EA54B641E6FC}.Debug|Any CPU.ActiveCfg = Debug|Any CPU
		{8A3E3DD5-86FF-478F-8376-EA54B641E6FC}.Debug|Any CPU.Build.0 = Debug|Any CPU
		{8A3E3DD5-86FF-478F-8376-EA54B641E6FC}.Release|Any CPU.ActiveCfg = Release|Any CPU
		{8A3E3DD5-86FF-478F-8376-EA54B641E6FC}.Release|Any CPU.Build.0 = Release|Any CPU
		{14D1FE80-C0D6-459C-9889-1DAFE6A8AAA5}.Debug|Any CPU.ActiveCfg = Debug|Any CPU
		{14D1FE80-C0D6-459C-9889-1DAFE6A8AAA5}.Debug|Any CPU.Build.0 = Debug|Any CPU
		{14D1FE80-C0D6-459C-9889-1DAFE6A8AAA5}.Release|Any CPU.ActiveCfg = Release|Any CPU
		{14D1FE80-C0D6-459C-9889-1DAFE6A8AAA5}.Release|Any CPU.Build.0 = Release|Any CPU
		{DE2CEC3A-DE4E-47F3-B6FB-F075A9DEB405}.Debug|Any CPU.ActiveCfg = Debug|Any CPU
		{DE2CEC3A-DE4E-47F3-B6FB-F075A9DEB405}.Debug|Any CPU.Build.0 = Debug|Any CPU
		{DE2CEC3A-DE4E-47F3-B6FB-F075A9DEB405}.Release|Any CPU.ActiveCfg = Release|Any CPU
		{DE2CEC3A-DE4E-47F3-B6FB-F075A9DEB405}.Release|Any CPU.Build.0 = Release|Any CPU
	EndGlobalSection
	GlobalSection(SolutionProperties) = preSolution
		HideSolutionNode = FALSE
	EndGlobalSection
	GlobalSection(ExtensibilityGlobals) = postSolution
		SolutionGuid = {1D962F55-8DC4-4422-B5E0-1147D61E572D}
	EndGlobalSection
EndGlobal
