
Microsoft Visual Studio Solution File, Format Version 12.00
# Visual Studio Version 16
VisualStudioVersion = 16.0.31205.134
MinimumVisualStudioVersion = 10.0.40219.1
Project("{FAE04EC0-301F-11D3-BF4B-00C04F79EFBC}") = "AttendanceSystem", "AttendanceSystem\AttendanceSystem.csproj", "{5EB8B4EA-494F-4653-A7DB-BDE8A907DA18}"
EndProject
Project("{FAE04EC0-301F-11D3-BF4B-00C04F79EFBC}") = "AttendanceSystem.Data", "AttendanceSystem.Data\AttendanceSystem.Data.csproj", "{041B20CC-B768-482A-A573-8326FA446797}"
EndProject
Project("{FAE04EC0-301F-11D3-BF4B-00C04F79EFBC}") = "AttendanceSystem.Training", "AttendanceSystem.Training\AttendanceSystem.Training.csproj", "{9D91B32E-629A-4419-853E-1445270DD7D3}"
EndProject
Global
	GlobalSection(SolutionConfigurationPlatforms) = preSolution
		Debug|Any CPU = Debug|Any CPU
		Release|Any CPU = Release|Any CPU
	EndGlobalSection
	GlobalSection(ProjectConfigurationPlatforms) = postSolution
		{5EB8B4EA-494F-4653-A7DB-BDE8A907DA18}.Debug|Any CPU.ActiveCfg = Debug|Any CPU
		{5EB8B4EA-494F-4653-A7DB-BDE8A907DA18}.Debug|Any CPU.Build.0 = Debug|Any CPU
		{5EB8B4EA-494F-4653-A7DB-BDE8A907DA18}.Release|Any CPU.ActiveCfg = Release|Any CPU
		{5EB8B4EA-494F-4653-A7DB-BDE8A907DA18}.Release|Any CPU.Build.0 = Release|Any CPU
		{041B20CC-B768-482A-A573-8326FA446797}.Debug|Any CPU.ActiveCfg = Debug|Any CPU
		{041B20CC-B768-482A-A573-8326FA446797}.Debug|Any CPU.Build.0 = Debug|Any CPU
		{041B20CC-B768-482A-A573-8326FA446797}.Release|Any CPU.ActiveCfg = Release|Any CPU
		{041B20CC-B768-482A-A573-8326FA446797}.Release|Any CPU.Build.0 = Release|Any CPU
		{9D91B32E-629A-4419-853E-1445270DD7D3}.Debug|Any CPU.ActiveCfg = Debug|Any CPU
		{9D91B32E-629A-4419-853E-1445270DD7D3}.Debug|Any CPU.Build.0 = Debug|Any CPU
		{9D91B32E-629A-4419-853E-1445270DD7D3}.Release|Any CPU.ActiveCfg = Release|Any CPU
		{9D91B32E-629A-4419-853E-1445270DD7D3}.Release|Any CPU.Build.0 = Release|Any CPU
	EndGlobalSection
	GlobalSection(SolutionProperties) = preSolution
		HideSolutionNode = FALSE
	EndGlobalSection
	GlobalSection(ExtensibilityGlobals) = postSolution
		SolutionGuid = {16546654-4D6F-4D2D-BB2A-1B9A74F8E751}
	EndGlobalSection
EndGlobal
